
Microsoft Visual Studio Solution File, Format Version 12.00
# Visual Studio Version 16
VisualStudioVersion = 16.0.32228.343
MinimumVisualStudioVersion = 10.0.40219.1
Project("{FAE04EC0-301F-11D3-BF4B-00C04F79EFBC}") = "sakk", "sakk\sakk.csproj", "{8ABE9A8C-16A0-47CB-B215-F2225F48DC3E}"
EndProject
Global
	GlobalSection(SolutionConfigurationPlatforms) = preSolution
		Debug|Any CPU = Debug|Any CPU
		Release|Any CPU = Release|Any CPU
	EndGlobalSection
	GlobalSection(ProjectConfigurationPlatforms) = postSolution
		{8ABE9A8C-16A0-47CB-B215-F2225F48DC3E}.Debug|Any CPU.ActiveCfg = Debug|Any CPU
		{8ABE9A8C-16A0-47CB-B215-F2225F48DC3E}.Debug|Any CPU.Build.0 = Debug|Any CPU
		{8ABE9A8C-16A0-47CB-B215-F2225F48DC3E}.Release|Any CPU.ActiveCfg = Release|Any CPU
		{8ABE9A8C-16A0-47CB-B215-F2225F48DC3E}.Release|Any CPU.Build.0 = Release|Any CPU
	EndGlobalSection
	GlobalSection(SolutionProperties) = preSolution
		HideSolutionNode = FALSE
	EndGlobalSection
	GlobalSection(ExtensibilityGlobals) = postSolution
		SolutionGuid = {CE9D6184-6745-4318-9850-A2B13E142B6B}
	EndGlobalSection
EndGlobal
